
Microsoft Visual Studio Solution File, Format Version 12.00
# Visual Studio Version 17
VisualStudioVersion = 17.9.34728.123
MinimumVisualStudioVersion = 10.0.40219.1
Project("{8BC9CEB8-8B4A-11D0-8D11-00A0C91BC942}") = "ShyShell", "ShyShell.vcxproj", "{ECFFC849-8095-4A1F-BE85-915760FB4964}"
EndProject
Global
	GlobalSection(SolutionConfigurationPlatforms) = preSolution
		Debug|ARM = Debug|ARM
		Debug|x64 = Debug|x64
		Debug|x86 = Debug|x86
		Release|ARM = Release|ARM
		Release|x64 = Release|x64
		Release|x86 = Release|x86
	EndGlobalSection
	GlobalSection(ProjectConfigurationPlatforms) = postSolution
		{ECFFC849-8095-4A1F-BE85-915760FB4964}.Debug|ARM.ActiveCfg = Debug|ARM
		{ECFFC849-8095-4A1F-BE85-915760FB4964}.Debug|ARM.Build.0 = Debug|ARM
		{ECFFC849-8095-4A1F-BE85-915760FB4964}.Debug|x64.ActiveCfg = Debug|Win32
		{ECFFC849-8095-4A1F-BE85-915760FB4964}.Debug|x64.Build.0 = Debug|Win32
		{ECFFC849-8095-4A1F-BE85-915760FB4964}.Debug|x86.ActiveCfg = Debug|Win32
		{ECFFC849-8095-4A1F-BE85-915760FB4964}.Debug|x86.Build.0 = Debug|Win32
		{ECFFC849-8095-4A1F-BE85-915760FB4964}.Release|ARM.ActiveCfg = Release|ARM
		{ECFFC849-8095-4A1F-BE85-915760FB4964}.Release|ARM.Build.0 = Release|ARM
		{ECFFC849-8095-4A1F-BE85-915760FB4964}.Release|x64.ActiveCfg = Release|x64
		{ECFFC849-8095-4A1F-BE85-915760FB4964}.Release|x64.Build.0 = Release|x64
		{ECFFC849-8095-4A1F-BE85-915760FB4964}.Release|x86.ActiveCfg = Release|Win32
		{ECFFC849-8095-4A1F-BE85-915760FB4964}.Release|x86.Build.0 = Release|Win32
	EndGlobalSection
	GlobalSection(SolutionProperties) = preSolution
		HideSolutionNode = FALSE
	EndGlobalSection
	GlobalSection(ExtensibilityGlobals) = postSolution
		SolutionGuid = {095B37F7-340F-4310-B909-B1BD8237A2A8}
	EndGlobalSection
EndGlobal
